
Microsoft Visual Studio Solution File, Format Version 12.00
# Visual Studio Version 17
VisualStudioVersion = 17.7.34031.279
MinimumVisualStudioVersion = 10.0.40219.1
Project("{FAE04EC0-301F-11D3-BF4B-00C04F79EFBC}") = "3dconst_launch", "3dconst_launch\3dconst_launch.csproj", "{A76D606A-2410-4417-A60D-212C561D844F}"
EndProject
Project("{2150E333-8FDC-42A3-9474-1A3956D46DE8}") = "Элементы решения", "Элементы решения", "{AFBF8A2D-09DA-4A2D-84B1-D99209F7CBB6}"
EndProject
Global
	GlobalSection(SolutionConfigurationPlatforms) = preSolution
		Debug|Any CPU = Debug|Any CPU
		Release|Any CPU = Release|Any CPU
	EndGlobalSection
	GlobalSection(ProjectConfigurationPlatforms) = postSolution
		{A76D606A-2410-4417-A60D-212C561D844F}.Debug|Any CPU.ActiveCfg = Debug|Any CPU
		{A76D606A-2410-4417-A60D-212C561D844F}.Debug|Any CPU.Build.0 = Debug|Any CPU
		{A76D606A-2410-4417-A60D-212C561D844F}.Release|Any CPU.ActiveCfg = Release|Any CPU
		{A76D606A-2410-4417-A60D-212C561D844F}.Release|Any CPU.Build.0 = Release|Any CPU
	EndGlobalSection
	GlobalSection(SolutionProperties) = preSolution
		HideSolutionNode = FALSE
	EndGlobalSection
	GlobalSection(ExtensibilityGlobals) = postSolution
		SolutionGuid = {3612B921-608B-4836-841A-88560541DB76}
	EndGlobalSection
EndGlobal
